version = 1
revision = 1
requires-python = ">=3.12"

[[package]]
name = "escape-room"
version = "0.1.0"
source = { editable = "." }
dependencies = [
    { name = "python-dotenv" },
    { name = "slack-bolt" },
]

[package.metadata]
requires-dist = [
    { name = "python-dotenv", specifier = ">=1.1.0" },
    { name = "slack-bolt", specifier = ">=1.23.0" },
]

[[package]]
name = "python-dotenv"
version = "1.1.0"
source = { registry = "https://pypi.org/simple" }
sdist = { url = "https://files.pythonhosted.org/packages/88/2c/7bb1416c5620485aa793f2de31d3df393d3686aa8a8506d11e10e13c5baf/python_dotenv-1.1.0.tar.gz", hash = "sha256:41f90bc6f5f177fb41f53e87666db362025010eb28f60a01c9143bfa33a2b2d5", size = 39920 }
wheels = [
    { url = "https://files.pythonhosted.org/packages/1e/18/98a99ad95133c6a6e2005fe89faedf294a748bd5dc803008059409ac9b1e/python_dotenv-1.1.0-py3-none-any.whl", hash = "sha256:d7c01d9e2293916c18baf562d95698754b0dbbb5e74d457c45d4f6561fb9d55d", size = 20256 },
]

[[package]]
name = "slack-bolt"
version = "1.23.0"
source = { registry = "https://pypi.org/simple" }
dependencies = [
    { name = "slack-sdk" },
]
sdist = { url = "https://files.pythonhosted.org/packages/a5/c9/7421458765061cb98e01a12d6cadc273ee35e75856b0073ec7c3efa5cf46/slack_bolt-1.23.0.tar.gz", hash = "sha256:3d2c3eb13131407a94f925eb22b180d352c2d97b808303ef92b7a46d6508c843", size = 130659 }
wheels = [
    { url = "https://files.pythonhosted.org/packages/c8/48/6f435d702a680307488c7d8d3bd6e12552bbf2ff3e0eb67ccb7d0850d122/slack_bolt-1.23.0-py2.py3-none-any.whl", hash = "sha256:6d6ae39d80c964c362505ae4e587eed2b26dbc3a9f0cb76af1150c30fb670488", size = 229691 },
]

[[package]]
name = "slack-sdk"
version = "3.35.0"
source = { registry = "https://pypi.org/simple" }
sdist = { url = "https://files.pythonhosted.org/packages/32/a5/13077a5696ded22cc955ff6314028b7e6140b1c989b19ca27a6b26590e6e/slack_sdk-3.35.0.tar.gz", hash = "sha256:8183b6cbf26a0c1e2441478cd9c0dc4eef08d60c1394cfdc9a769e309a9b6459", size = 232887 }
wheels = [
    { url = "https://files.pythonhosted.org/packages/32/8e/eed71dc79a187ba32681f12a104786ab89355bc474082211d92e1fba6bcf/slack_sdk-3.35.0-py2.py3-none-any.whl", hash = "sha256:00933d171fbd8a068b321ebb5f89612cc781d3183d8e3447c85499eca9d865be", size = 293272 },
]
